
Microsoft Visual Studio Solution File, Format Version 12.00
# Visual Studio 15
VisualStudioVersion = 15.0.28307.852
MinimumVisualStudioVersion = 10.0.40219.1
Project("{FAE04EC0-301F-11D3-BF4B-00C04F79EFBC}") = "ToList", "ToList\ToList.csproj", "{C8EEEAE7-8A56-4AF2-B196-4FE0424A85E8}"
EndProject
Project("{FAE04EC0-301F-11D3-BF4B-00C04F79EFBC}") = "UnitTestProject", "UnitTestProject\UnitTestProject.csproj", "{356CFD0D-A9F6-44EF-BD5E-BB9C77F0D3EC}"
EndProject
Global
	GlobalSection(SolutionConfigurationPlatforms) = preSolution
		Debug|Any CPU = Debug|Any CPU
		Release|Any CPU = Release|Any CPU
	EndGlobalSection
	GlobalSection(ProjectConfigurationPlatforms) = postSolution
		{C8EEEAE7-8A56-4AF2-B196-4FE0424A85E8}.Debug|Any CPU.ActiveCfg = Debug|Any CPU
		{C8EEEAE7-8A56-4AF2-B196-4FE0424A85E8}.Debug|Any CPU.Build.0 = Debug|Any CPU
		{C8EEEAE7-8A56-4AF2-B196-4FE0424A85E8}.Release|Any CPU.ActiveCfg = Release|Any CPU
		{C8EEEAE7-8A56-4AF2-B196-4FE0424A85E8}.Release|Any CPU.Build.0 = Release|Any CPU
		{356CFD0D-A9F6-44EF-BD5E-BB9C77F0D3EC}.Debug|Any CPU.ActiveCfg = Debug|Any CPU
		{356CFD0D-A9F6-44EF-BD5E-BB9C77F0D3EC}.Debug|Any CPU.Build.0 = Debug|Any CPU
		{356CFD0D-A9F6-44EF-BD5E-BB9C77F0D3EC}.Release|Any CPU.ActiveCfg = Release|Any CPU
		{356CFD0D-A9F6-44EF-BD5E-BB9C77F0D3EC}.Release|Any CPU.Build.0 = Release|Any CPU
	EndGlobalSection
	GlobalSection(SolutionProperties) = preSolution
		HideSolutionNode = FALSE
	EndGlobalSection
	GlobalSection(ExtensibilityGlobals) = postSolution
		SolutionGuid = {ADF0A75A-076D-45E1-A25E-DE55ABC47DF5}
	EndGlobalSection
EndGlobal
